
Microsoft Visual Studio Solution File, Format Version 12.00
# Visual Studio Version 16
VisualStudioVersion = 16.0.28803.202
MinimumVisualStudioVersion = 10.0.40219.1
Project("{F2A71F9B-5D33-465A-A702-920D77279786}") = "Task1", "Task1\Task1.fsproj", "{8C3AE9E5-4C4C-4387-9EB9-8711350FF41C}"
EndProject
Global
	GlobalSection(SolutionConfigurationPlatforms) = preSolution
		Debug|Any CPU = Debug|Any CPU
		Release|Any CPU = Release|Any CPU
	EndGlobalSection
	GlobalSection(ProjectConfigurationPlatforms) = postSolution
		{8C3AE9E5-4C4C-4387-9EB9-8711350FF41C}.Debug|Any CPU.ActiveCfg = Debug|Any CPU
		{8C3AE9E5-4C4C-4387-9EB9-8711350FF41C}.Debug|Any CPU.Build.0 = Debug|Any CPU
		{8C3AE9E5-4C4C-4387-9EB9-8711350FF41C}.Release|Any CPU.ActiveCfg = Release|Any CPU
		{8C3AE9E5-4C4C-4387-9EB9-8711350FF41C}.Release|Any CPU.Build.0 = Release|Any CPU
	EndGlobalSection
	GlobalSection(SolutionProperties) = preSolution
		HideSolutionNode = FALSE
	EndGlobalSection
	GlobalSection(ExtensibilityGlobals) = postSolution
		SolutionGuid = {A2A60F4A-31D4-4FED-9942-73EDA539BF78}
	EndGlobalSection
EndGlobal
