
Microsoft Visual Studio Solution File, Format Version 12.00
# Visual Studio Version 16
VisualStudioVersion = 16.0.28803.202
MinimumVisualStudioVersion = 10.0.40219.1
Project("{F2A71F9B-5D33-465A-A702-920D77279786}") = "Task1-2", "Task1-2\Task1-2.fsproj", "{8D4F3CA5-E5B8-400F-A987-316D58B3C6BD}"
EndProject
Global
	GlobalSection(SolutionConfigurationPlatforms) = preSolution
		Debug|Any CPU = Debug|Any CPU
		Release|Any CPU = Release|Any CPU
	EndGlobalSection
	GlobalSection(ProjectConfigurationPlatforms) = postSolution
		{8D4F3CA5-E5B8-400F-A987-316D58B3C6BD}.Debug|Any CPU.ActiveCfg = Debug|Any CPU
		{8D4F3CA5-E5B8-400F-A987-316D58B3C6BD}.Debug|Any CPU.Build.0 = Debug|Any CPU
		{8D4F3CA5-E5B8-400F-A987-316D58B3C6BD}.Release|Any CPU.ActiveCfg = Release|Any CPU
		{8D4F3CA5-E5B8-400F-A987-316D58B3C6BD}.Release|Any CPU.Build.0 = Release|Any CPU
	EndGlobalSection
	GlobalSection(SolutionProperties) = preSolution
		HideSolutionNode = FALSE
	EndGlobalSection
	GlobalSection(ExtensibilityGlobals) = postSolution
		SolutionGuid = {A00775A8-DE69-45A7-816A-EA0BF41BB1E1}
	EndGlobalSection
EndGlobal
