
Microsoft Visual Studio Solution File, Format Version 12.00
# Visual Studio Version 16
VisualStudioVersion = 16.0.28803.202
MinimumVisualStudioVersion = 10.0.40219.1
Project("{F2A71F9B-5D33-465A-A702-920D77279786}") = "passportRF", "passportRF\passportRF.fsproj", "{57CBF98B-8E9D-4564-996B-892D3D1E70B4}"
EndProject
Global
	GlobalSection(SolutionConfigurationPlatforms) = preSolution
		Debug|Any CPU = Debug|Any CPU
		Release|Any CPU = Release|Any CPU
	EndGlobalSection
	GlobalSection(ProjectConfigurationPlatforms) = postSolution
		{57CBF98B-8E9D-4564-996B-892D3D1E70B4}.Debug|Any CPU.ActiveCfg = Debug|Any CPU
		{57CBF98B-8E9D-4564-996B-892D3D1E70B4}.Debug|Any CPU.Build.0 = Debug|Any CPU
		{57CBF98B-8E9D-4564-996B-892D3D1E70B4}.Release|Any CPU.ActiveCfg = Release|Any CPU
		{57CBF98B-8E9D-4564-996B-892D3D1E70B4}.Release|Any CPU.Build.0 = Release|Any CPU
	EndGlobalSection
	GlobalSection(SolutionProperties) = preSolution
		HideSolutionNode = FALSE
	EndGlobalSection
	GlobalSection(ExtensibilityGlobals) = postSolution
		SolutionGuid = {94E1AEAF-D58C-4B93-B420-C278C8F2ECE9}
	EndGlobalSection
EndGlobal
