
Microsoft Visual Studio Solution File, Format Version 12.00
# Visual Studio Version 16
VisualStudioVersion = 16.0.28803.202
MinimumVisualStudioVersion = 10.0.40219.1
Project("{F2A71F9B-5D33-465A-A702-920D77279786}") = "1-3", "1-3\1-3.fsproj", "{664B8AC3-8605-4FD5-BCE2-64C26FDA2FAD}"
EndProject
Global
	GlobalSection(SolutionConfigurationPlatforms) = preSolution
		Debug|Any CPU = Debug|Any CPU
		Release|Any CPU = Release|Any CPU
	EndGlobalSection
	GlobalSection(ProjectConfigurationPlatforms) = postSolution
		{664B8AC3-8605-4FD5-BCE2-64C26FDA2FAD}.Debug|Any CPU.ActiveCfg = Debug|Any CPU
		{664B8AC3-8605-4FD5-BCE2-64C26FDA2FAD}.Debug|Any CPU.Build.0 = Debug|Any CPU
		{664B8AC3-8605-4FD5-BCE2-64C26FDA2FAD}.Release|Any CPU.ActiveCfg = Release|Any CPU
		{664B8AC3-8605-4FD5-BCE2-64C26FDA2FAD}.Release|Any CPU.Build.0 = Release|Any CPU
	EndGlobalSection
	GlobalSection(SolutionProperties) = preSolution
		HideSolutionNode = FALSE
	EndGlobalSection
	GlobalSection(ExtensibilityGlobals) = postSolution
		SolutionGuid = {6AEA696E-4BC5-459C-A940-6B08DC749E76}
	EndGlobalSection
EndGlobal
