
Microsoft Visual Studio Solution File, Format Version 12.00
# Visual Studio Version 16
VisualStudioVersion = 16.0.28803.202
MinimumVisualStudioVersion = 10.0.40219.1
Project("{F2A71F9B-5D33-465A-A702-920D77279786}") = "1_2-1", "1-1\1_2-1.fsproj", "{367B8F32-5FB4-4A4D-92BA-9D0C849204A9}"
EndProject
Global
	GlobalSection(SolutionConfigurationPlatforms) = preSolution
		Debug|Any CPU = Debug|Any CPU
		Release|Any CPU = Release|Any CPU
	EndGlobalSection
	GlobalSection(ProjectConfigurationPlatforms) = postSolution
		{367B8F32-5FB4-4A4D-92BA-9D0C849204A9}.Debug|Any CPU.ActiveCfg = Debug|Any CPU
		{367B8F32-5FB4-4A4D-92BA-9D0C849204A9}.Debug|Any CPU.Build.0 = Debug|Any CPU
		{367B8F32-5FB4-4A4D-92BA-9D0C849204A9}.Release|Any CPU.ActiveCfg = Release|Any CPU
		{367B8F32-5FB4-4A4D-92BA-9D0C849204A9}.Release|Any CPU.Build.0 = Release|Any CPU
	EndGlobalSection
	GlobalSection(SolutionProperties) = preSolution
		HideSolutionNode = FALSE
	EndGlobalSection
	GlobalSection(ExtensibilityGlobals) = postSolution
		SolutionGuid = {1C9C67ED-0404-4DB3-96E9-942C743106F1}
	EndGlobalSection
EndGlobal
