
Microsoft Visual Studio Solution File, Format Version 12.00
# Visual Studio Version 16
VisualStudioVersion = 16.0.28803.202
MinimumVisualStudioVersion = 10.0.40219.1
Project("{F2A71F9B-5D33-465A-A702-920D77279786}") = "Task1-41", "Task1-41\Task1-41.fsproj", "{B2FEFDFE-14B8-4300-B8A1-46F65EDCDEDA}"
EndProject
Global
	GlobalSection(SolutionConfigurationPlatforms) = preSolution
		Debug|Any CPU = Debug|Any CPU
		Release|Any CPU = Release|Any CPU
	EndGlobalSection
	GlobalSection(ProjectConfigurationPlatforms) = postSolution
		{B2FEFDFE-14B8-4300-B8A1-46F65EDCDEDA}.Debug|Any CPU.ActiveCfg = Debug|Any CPU
		{B2FEFDFE-14B8-4300-B8A1-46F65EDCDEDA}.Debug|Any CPU.Build.0 = Debug|Any CPU
		{B2FEFDFE-14B8-4300-B8A1-46F65EDCDEDA}.Release|Any CPU.ActiveCfg = Release|Any CPU
		{B2FEFDFE-14B8-4300-B8A1-46F65EDCDEDA}.Release|Any CPU.Build.0 = Release|Any CPU
	EndGlobalSection
	GlobalSection(SolutionProperties) = preSolution
		HideSolutionNode = FALSE
	EndGlobalSection
	GlobalSection(ExtensibilityGlobals) = postSolution
		SolutionGuid = {C27000A7-D207-424F-8832-4FDA68DD8C01}
	EndGlobalSection
EndGlobal
